hash: f57e77fcfa539bf5bf9aa4130bf03ad481e82298cdf64e67cac4da8ad4813058
updated: 2018-12-09T01:43:09.4737463+01:00
imports:
- name: github.com/mattn/go-runewidth
  version: c88d7e5f2e24de48a200a2655ac8a0910be9a0f7
- name: github.com/olekukonko/tablewriter
  version: e6d60cf7ba1f42d86d54cdf5508611c4aafb3970
testImports: []
